
Microsoft Visual Studio Solution File, Format Version 12.00
# Visual Studio Version 16
VisualStudioVersion = 16.0.31005.135
MinimumVisualStudioVersion = 10.0.40219.1
Project("{FAE04EC0-301F-11D3-BF4B-00C04F79EFBC}") = "HelloWorld13.2", "HelloWorld13.2\HelloWorld13.2.csproj", "{ADCED51C-CB62-4526-AA1B-757D7BB34F03}"
EndProject
Global
	GlobalSection(SolutionConfigurationPlatforms) = preSolution
		Debug|Any CPU = Debug|Any CPU
		Release|Any CPU = Release|Any CPU
	EndGlobalSection
	GlobalSection(ProjectConfigurationPlatforms) = postSolution
		{ADCED51C-CB62-4526-AA1B-757D7BB34F03}.Debug|Any CPU.ActiveCfg = Debug|Any CPU
		{ADCED51C-CB62-4526-AA1B-757D7BB34F03}.Debug|Any CPU.Build.0 = Debug|Any CPU
		{ADCED51C-CB62-4526-AA1B-757D7BB34F03}.Release|Any CPU.ActiveCfg = Release|Any CPU
		{ADCED51C-CB62-4526-AA1B-757D7BB34F03}.Release|Any CPU.Build.0 = Release|Any CPU
	EndGlobalSection
	GlobalSection(SolutionProperties) = preSolution
		HideSolutionNode = FALSE
	EndGlobalSection
	GlobalSection(ExtensibilityGlobals) = postSolution
		SolutionGuid = {A6F7FB73-1817-4729-9F3A-48B264324C4D}
	EndGlobalSection
EndGlobal
